
Microsoft Visual Studio Solution File, Format Version 12.00
# Visual Studio 14
VisualStudioVersion = 14.0.23107.0
MinimumVisualStudioVersion = 10.0.40219.1
Project("{2150E333-8FDC-42A3-9474-1A3956D46DE8}") = "BLL", "BLL", "{93733ECF-3507-4E61-A993-EFDDE20AD2B4}"
EndProject
Project("{FAE04EC0-301F-11D3-BF4B-00C04F79EFBC}") = "HL7Parser", "HL7ParserLibrary\HL7Parser.csproj", "{BE02ADE4-7197-4658-BF67-0E69D1102014}"
EndProject
Project("{FAE04EC0-301F-11D3-BF4B-00C04F79EFBC}") = "EDIParseConsole", "EDIParseConsole\EDIParseConsole.csproj", "{FD2555F6-661F-4404-835E-25638A221C92}"
EndProject
Project("{FAE04EC0-301F-11D3-BF4B-00C04F79EFBC}") = "HL7Explorer", "HL7Explorer\HL7Explorer.csproj", "{622B3FD4-2213-46C3-AF86-BED265BCACB0}"
EndProject
Project("{FAE04EC0-301F-11D3-BF4B-00C04F79EFBC}") = "HL7ExplorerBL", "HL7ExplorerBL\HL7ExplorerBL.csproj", "{CC5C6173-3508-4281-A389-C3D184E23290}"
EndProject
Project("{2150E333-8FDC-42A3-9474-1A3956D46DE8}") = "Core", "Core", "{9F527C46-C5B8-4C58-989D-076611493C34}"
EndProject
Project("{FAE04EC0-301F-11D3-BF4B-00C04F79EFBC}") = "HL7Core", "HL7Core\HL7Core.csproj", "{3FE6A047-7A4B-4980-8462-E8EB366728F3}"
EndProject
Global
	GlobalSection(SolutionConfigurationPlatforms) = preSolution
		Debug|Any CPU = Debug|Any CPU
		Release|Any CPU = Release|Any CPU
	EndGlobalSection
	GlobalSection(ProjectConfigurationPlatforms) = postSolution
		{BE02ADE4-7197-4658-BF67-0E69D1102014}.Debug|Any CPU.ActiveCfg = Debug|Any CPU
		{BE02ADE4-7197-4658-BF67-0E69D1102014}.Debug|Any CPU.Build.0 = Debug|Any CPU
		{BE02ADE4-7197-4658-BF67-0E69D1102014}.Release|Any CPU.ActiveCfg = Release|Any CPU
		{BE02ADE4-7197-4658-BF67-0E69D1102014}.Release|Any CPU.Build.0 = Release|Any CPU
		{FD2555F6-661F-4404-835E-25638A221C92}.Debug|Any CPU.ActiveCfg = Debug|Any CPU
		{FD2555F6-661F-4404-835E-25638A221C92}.Debug|Any CPU.Build.0 = Debug|Any CPU
		{FD2555F6-661F-4404-835E-25638A221C92}.Release|Any CPU.ActiveCfg = Release|Any CPU
		{FD2555F6-661F-4404-835E-25638A221C92}.Release|Any CPU.Build.0 = Release|Any CPU
		{622B3FD4-2213-46C3-AF86-BED265BCACB0}.Debug|Any CPU.ActiveCfg = Debug|Any CPU
		{622B3FD4-2213-46C3-AF86-BED265BCACB0}.Debug|Any CPU.Build.0 = Debug|Any CPU
		{622B3FD4-2213-46C3-AF86-BED265BCACB0}.Release|Any CPU.ActiveCfg = Release|Any CPU
		{622B3FD4-2213-46C3-AF86-BED265BCACB0}.Release|Any CPU.Build.0 = Release|Any CPU
		{CC5C6173-3508-4281-A389-C3D184E23290}.Debug|Any CPU.ActiveCfg = Debug|Any CPU
		{CC5C6173-3508-4281-A389-C3D184E23290}.Debug|Any CPU.Build.0 = Debug|Any CPU
		{CC5C6173-3508-4281-A389-C3D184E23290}.Release|Any CPU.ActiveCfg = Release|Any CPU
		{CC5C6173-3508-4281-A389-C3D184E23290}.Release|Any CPU.Build.0 = Release|Any CPU
		{3FE6A047-7A4B-4980-8462-E8EB366728F3}.Debug|Any CPU.ActiveCfg = Debug|Any CPU
		{3FE6A047-7A4B-4980-8462-E8EB366728F3}.Debug|Any CPU.Build.0 = Debug|Any CPU
		{3FE6A047-7A4B-4980-8462-E8EB366728F3}.Release|Any CPU.ActiveCfg = Release|Any CPU
		{3FE6A047-7A4B-4980-8462-E8EB366728F3}.Release|Any CPU.Build.0 = Release|Any CPU
	EndGlobalSection
	GlobalSection(SolutionProperties) = preSolution
		HideSolutionNode = FALSE
	EndGlobalSection
	GlobalSection(NestedProjects) = preSolution
		{BE02ADE4-7197-4658-BF67-0E69D1102014} = {93733ECF-3507-4E61-A993-EFDDE20AD2B4}
		{CC5C6173-3508-4281-A389-C3D184E23290} = {93733ECF-3507-4E61-A993-EFDDE20AD2B4}
		{3FE6A047-7A4B-4980-8462-E8EB366728F3} = {9F527C46-C5B8-4C58-989D-076611493C34}
	EndGlobalSection
EndGlobal
